
Microsoft Visual Studio Solution File, Format Version 12.00
# Visual Studio 15
VisualStudioVersion = 15.0.28307.421
MinimumVisualStudioVersion = 10.0.40219.1
Project("{FAE04EC0-301F-11D3-BF4B-00C04F79EFBC}") = "BambooLauncher", "BambooLauncher\BambooLauncher.csproj", "{42A5CE6C-9186-49C2-98CA-DB208480CFD3}"
EndProject
Project("{FAE04EC0-301F-11D3-BF4B-00C04F79EFBC}") = "BambooBaler", "BambooBaler\BambooBaler.csproj", "{8B760F3E-03D9-4F3A-AA7D-D37524D3E3B8}"
EndProject
Project("{FAE04EC0-301F-11D3-BF4B-00C04F79EFBC}") = "LauncherCommon", "LauncherCommon\LauncherCommon.csproj", "{D68808BD-9A45-41B3-8F43-511B24930EBC}"
EndProject
Global
	GlobalSection(SolutionConfigurationPlatforms) = preSolution
		Debug|Any CPU = Debug|Any CPU
		Release|Any CPU = Release|Any CPU
	EndGlobalSection
	GlobalSection(ProjectConfigurationPlatforms) = postSolution
		{42A5CE6C-9186-49C2-98CA-DB208480CFD3}.Debug|Any CPU.ActiveCfg = Debug|Any CPU
		{42A5CE6C-9186-49C2-98CA-DB208480CFD3}.Debug|Any CPU.Build.0 = Debug|Any CPU
		{42A5CE6C-9186-49C2-98CA-DB208480CFD3}.Release|Any CPU.ActiveCfg = Release|Any CPU
		{42A5CE6C-9186-49C2-98CA-DB208480CFD3}.Release|Any CPU.Build.0 = Release|Any CPU
		{8B760F3E-03D9-4F3A-AA7D-D37524D3E3B8}.Debug|Any CPU.ActiveCfg = Debug|Any CPU
		{8B760F3E-03D9-4F3A-AA7D-D37524D3E3B8}.Debug|Any CPU.Build.0 = Debug|Any CPU
		{8B760F3E-03D9-4F3A-AA7D-D37524D3E3B8}.Release|Any CPU.ActiveCfg = Release|Any CPU
		{8B760F3E-03D9-4F3A-AA7D-D37524D3E3B8}.Release|Any CPU.Build.0 = Release|Any CPU
		{D68808BD-9A45-41B3-8F43-511B24930EBC}.Debug|Any CPU.ActiveCfg = Debug|Any CPU
		{D68808BD-9A45-41B3-8F43-511B24930EBC}.Debug|Any CPU.Build.0 = Debug|Any CPU
		{D68808BD-9A45-41B3-8F43-511B24930EBC}.Release|Any CPU.ActiveCfg = Release|Any CPU
		{D68808BD-9A45-41B3-8F43-511B24930EBC}.Release|Any CPU.Build.0 = Release|Any CPU
	EndGlobalSection
	GlobalSection(SolutionProperties) = preSolution
		HideSolutionNode = FALSE
	EndGlobalSection
	GlobalSection(ExtensibilityGlobals) = postSolution
		SolutionGuid = {143AC235-D196-45B0-AE2B-2D17FEB4EB1B}
	EndGlobalSection
EndGlobal
